dependencies:
  espressif/ssd1306:
    component_hash: 0482b953b50c155062c07fdf253d979b04fb07a982cdbdd3d17c8b5e3fd8aa1c
    dependencies:
    - name: idf
      require: private
      version: '>=4.0'
    source:
      registry_url: https://components.espressif.com/
      type: service
    version: 1.0.0
  idf:
    source:
      type: idf
    version: 5.4.0
direct_dependencies:
- espressif/ssd1306
- idf
manifest_hash: 800aebba74c9f9e7766732875e0f09020575a1f82a67327d76a290f68bc674ce
target: esp32
version: 2.0.0
